
Microsoft Visual Studio Solution File, Format Version 12.00
# Visual Studio Version 17
VisualStudioVersion = 17.13.35919.96 d17.13
MinimumVisualStudioVersion = 10.0.40219.1
Project("{FAE04EC0-301F-11D3-BF4B-00C04F79EFBC}") = "HTTPListener", "HTTPListener.csproj", "{CC96921F-AB23-4E7D-A0FA-11E8163DFCF1}"
EndProject
Global
	GlobalSection(SolutionConfigurationPlatforms) = preSolution
		Debug|Any CPU = Debug|Any CPU
		Release|Any CPU = Release|Any CPU
	EndGlobalSection
	GlobalSection(ProjectConfigurationPlatforms) = postSolution
		{CC96921F-AB23-4E7D-A0FA-11E8163DFCF1}.Debug|Any CPU.ActiveCfg = Debug|Any CPU
		{CC96921F-AB23-4E7D-A0FA-11E8163DFCF1}.Debug|Any CPU.Build.0 = Debug|Any CPU
		{CC96921F-AB23-4E7D-A0FA-11E8163DFCF1}.Release|Any CPU.ActiveCfg = Release|Any CPU
		{CC96921F-AB23-4E7D-A0FA-11E8163DFCF1}.Release|Any CPU.Build.0 = Release|Any CPU
	EndGlobalSection
	GlobalSection(SolutionProperties) = preSolution
		HideSolutionNode = FALSE
	EndGlobalSection
	GlobalSection(ExtensibilityGlobals) = postSolution
		SolutionGuid = {D540C42B-1C66-482D-A1AD-683166ADC763}
	EndGlobalSection
EndGlobal
